{
  "name": "rotating-file-stream-issue",
  "version": "1.0.0",
  "lockfileVersion": 3,
  "requires": true,
  "packages": {
    "": {
      "name": "rotating-file-stream-issue",
      "version": "1.0.0",
      "license": "ISC",
      "dependencies": {
        "rotating-file-stream": "^3.2.2"
      }
    },
    "node_modules/rotating-file-stream": {
      "version": "3.2.2",
      "resolved": "https://registry.npmjs.org/rotating-file-stream/-/rotating-file-stream-3.2.2.tgz",
      "integrity": "sha512-d33hF7eyb2Q79eVncK9Z5mEbnzONj9BqyKRX3acN5qCNkw6k8s34ip8X7/geSeL6GuBlONKPzE35WLh/wysBAg==",
      "engines": {
        "node": ">=14.0"
      },
      "funding": {
        "url": "https://www.blockchain.com/btc/address/12p1p5q7sK75tPyuesZmssiMYr4TKzpSCN"
      }
    }
  }
}
